
Microsoft Visual Studio Solution File, Format Version 12.00
# Visual Studio Version 16
VisualStudioVersion = 16.0.30804.86
MinimumVisualStudioVersion = 10.0.40219.1
Project("{2150E333-8FDC-42A3-9474-1A3956D46DE8}") = "Solution Items", "Solution Items", "{D85EE093-334C-4956-9763-EE946E4242FB}"
	ProjectSection(SolutionItems) = preProject
		index.html = index.html
		scripts.js = scripts.js
		styles.css = styles.css
	EndProjectSection
EndProject
Project("{2150E333-8FDC-42A3-9474-1A3956D46DE8}") = "img", "img", "{52CBC7D0-2725-4F50-AA89-4E7EBA9E2876}"
	ProjectSection(SolutionItems) = preProject
		img\angular.svg = img\angular.svg
		img\Animals1.png = img\Animals1.png
		img\Animals2.png = img\Animals2.png
		img\aurelia.svg = img\aurelia.svg
		img\backbone.svg = img\backbone.svg
		img\ember.svg = img\ember.svg
		img\js-badge.svg = img\js-badge.svg
		img\react.svg = img\react.svg
		img\vue.svg = img\vue.svg
	EndProjectSection
EndProject
Project("{2150E333-8FDC-42A3-9474-1A3956D46DE8}") = "UI", "UI", "{721DF50A-C93B-49C0-BECA-FEF2660BD1E7}"
	ProjectSection(SolutionItems) = preProject
		img\images\New Folder\1.jpg = img\images\New Folder\1.jpg
		img\images\New Folder\10.jpg = img\images\New Folder\10.jpg
		img\images\New Folder\11.png = img\images\New Folder\11.png
		img\images\New Folder\12.jpg = img\images\New Folder\12.jpg
		img\images\New Folder\13.jpg = img\images\New Folder\13.jpg
		img\images\New Folder\14.jpg = img\images\New Folder\14.jpg
		img\images\New Folder\15.png = img\images\New Folder\15.png
		img\images\New Folder\16.jpg = img\images\New Folder\16.jpg
		img\images\New Folder\17.jpg = img\images\New Folder\17.jpg
		img\images\New Folder\18.png = img\images\New Folder\18.png
		img\images\New Folder\19.jpg = img\images\New Folder\19.jpg
		img\images\New Folder\2.jpg = img\images\New Folder\2.jpg
		img\images\New Folder\20.jpg = img\images\New Folder\20.jpg
		img\images\New Folder\21.jpg = img\images\New Folder\21.jpg
		img\images\New Folder\22.jpg = img\images\New Folder\22.jpg
		img\images\New Folder\23.jpg = img\images\New Folder\23.jpg
		img\images\New Folder\24.png = img\images\New Folder\24.png
		img\images\New Folder\25.png = img\images\New Folder\25.png
		img\images\New Folder\26.jpg = img\images\New Folder\26.jpg
		img\images\New Folder\27.jpg = img\images\New Folder\27.jpg
		img\images\New Folder\28.jpg = img\images\New Folder\28.jpg
		img\images\New Folder\29.jpg = img\images\New Folder\29.jpg
		img\images\New Folder\3.png = img\images\New Folder\3.png
		img\images\New Folder\30.jpg = img\images\New Folder\30.jpg
		img\images\New Folder\31.jpg = img\images\New Folder\31.jpg
		img\images\New Folder\32.jpg = img\images\New Folder\32.jpg
		img\images\New Folder\33.jpg = img\images\New Folder\33.jpg
		img\images\New Folder\4.jpg = img\images\New Folder\4.jpg
		img\images\New Folder\5.png = img\images\New Folder\5.png
		img\images\New Folder\6.png = img\images\New Folder\6.png
		img\images\New Folder\7.png = img\images\New Folder\7.png
		img\images\New Folder\8.png = img\images\New Folder\8.png
		img\images\New Folder\9.jpg = img\images\New Folder\9.jpg
	EndProjectSection
EndProject
Project("{2150E333-8FDC-42A3-9474-1A3956D46DE8}") = "cards", "cards", "{2673D7A5-182C-44FF-A6FB-C9E4866D8962}"
EndProject
Global
	GlobalSection(SolutionProperties) = preSolution
		HideSolutionNode = FALSE
	EndGlobalSection
	GlobalSection(NestedProjects) = preSolution
		{52CBC7D0-2725-4F50-AA89-4E7EBA9E2876} = {D85EE093-334C-4956-9763-EE946E4242FB}
		{721DF50A-C93B-49C0-BECA-FEF2660BD1E7} = {52CBC7D0-2725-4F50-AA89-4E7EBA9E2876}
		{2673D7A5-182C-44FF-A6FB-C9E4866D8962} = {52CBC7D0-2725-4F50-AA89-4E7EBA9E2876}
	EndGlobalSection
	GlobalSection(ExtensibilityGlobals) = postSolution
		SolutionGuid = {0A03997B-0997-4B2F-8026-6998E5044EC5}
	EndGlobalSection
EndGlobal
